
Microsoft Visual Studio Solution File, Format Version 12.00
# Visual Studio Version 17
VisualStudioVersion = 17.10.35027.167
MinimumVisualStudioVersion = 10.0.40219.1
Project("{FAE04EC0-301F-11D3-BF4B-00C04F79EFBC}") = "MutexApps", "MutexApps.csproj", "{BC8346B8-79A9-4F6C-A1BB-688371210638}"
EndProject
Global
	GlobalSection(SolutionConfigurationPlatforms) = preSolution
		Debug|Any CPU = Debug|Any CPU
		Release|Any CPU = Release|Any CPU
	EndGlobalSection
	GlobalSection(ProjectConfigurationPlatforms) = postSolution
		{BC8346B8-79A9-4F6C-A1BB-688371210638}.Debug|Any CPU.ActiveCfg = Debug|Any CPU
		{BC8346B8-79A9-4F6C-A1BB-688371210638}.Debug|Any CPU.Build.0 = Debug|Any CPU
		{BC8346B8-79A9-4F6C-A1BB-688371210638}.Release|Any CPU.ActiveCfg = Release|Any CPU
		{BC8346B8-79A9-4F6C-A1BB-688371210638}.Release|Any CPU.Build.0 = Release|Any CPU
	EndGlobalSection
	GlobalSection(SolutionProperties) = preSolution
		HideSolutionNode = FALSE
	EndGlobalSection
	GlobalSection(ExtensibilityGlobals) = postSolution
		SolutionGuid = {AE780193-6D23-4DFB-A8C0-3CC2E7B2F3F3}
	EndGlobalSection
EndGlobal
