
Microsoft Visual Studio Solution File, Format Version 12.00
# Visual Studio Version 17
VisualStudioVersion = 17.10.35027.167
MinimumVisualStudioVersion = 10.0.40219.1
Project("{FAE04EC0-301F-11D3-BF4B-00C04F79EFBC}") = "FetchItemFromKeyVault", "FetchItemFromKeyVault.csproj", "{D2847684-055B-4CB7-B06B-001F78FFC5B8}"
EndProject
Global
	GlobalSection(SolutionConfigurationPlatforms) = preSolution
		Debug|Any CPU = Debug|Any CPU
		Release|Any CPU = Release|Any CPU
	EndGlobalSection
	GlobalSection(ProjectConfigurationPlatforms) = postSolution
		{D2847684-055B-4CB7-B06B-001F78FFC5B8}.Debug|Any CPU.ActiveCfg = Debug|Any CPU
		{D2847684-055B-4CB7-B06B-001F78FFC5B8}.Debug|Any CPU.Build.0 = Debug|Any CPU
		{D2847684-055B-4CB7-B06B-001F78FFC5B8}.Release|Any CPU.ActiveCfg = Release|Any CPU
		{D2847684-055B-4CB7-B06B-001F78FFC5B8}.Release|Any CPU.Build.0 = Release|Any CPU
	EndGlobalSection
	GlobalSection(SolutionProperties) = preSolution
		HideSolutionNode = FALSE
	EndGlobalSection
	GlobalSection(ExtensibilityGlobals) = postSolution
		SolutionGuid = {134D4D43-B88B-4F6A-84BD-9E66362DE952}
	EndGlobalSection
EndGlobal
